
Microsoft Visual Studio Solution File, Format Version 12.00
# Visual Studio 15
VisualStudioVersion = 15.0.28307.329
MinimumVisualStudioVersion = 10.0.40219.1
Project("{FAE04EC0-301F-11D3-BF4B-00C04F79EFBC}") = "Vidly", "Vidly\Vidly.csproj", "{C30FBE09-2962-4A77-8166-2702A6CAF3BB}"
EndProject
Global
	GlobalSection(SolutionConfigurationPlatforms) = preSolution
		Debug|Any CPU = Debug|Any CPU
		Release|Any CPU = Release|Any CPU
	EndGlobalSection
	GlobalSection(ProjectConfigurationPlatforms) = postSolution
		{C30FBE09-2962-4A77-8166-2702A6CAF3BB}.Debug|Any CPU.ActiveCfg = Debug|Any CPU
		{C30FBE09-2962-4A77-8166-2702A6CAF3BB}.Debug|Any CPU.Build.0 = Debug|Any CPU
		{C30FBE09-2962-4A77-8166-2702A6CAF3BB}.Release|Any CPU.ActiveCfg = Release|Any CPU
		{C30FBE09-2962-4A77-8166-2702A6CAF3BB}.Release|Any CPU.Build.0 = Release|Any CPU
	EndGlobalSection
	GlobalSection(SolutionProperties) = preSolution
		HideSolutionNode = FALSE
	EndGlobalSection
	GlobalSection(ExtensibilityGlobals) = postSolution
		SolutionGuid = {5C524698-332E-453A-9010-4690ACFB5810}
	EndGlobalSection
EndGlobal
